{
  "lockfileVersion": 1,
  "configVersion": 0,
  "workspaces": {
    "": {
      "name": "client",
      "dependencies": {
        "@dimforge/rapier3d-compat": "^0.19.3",
        "@pixiv/three-vrm": "^3.5.2",
        "@pixiv/three-vrm-animation": "^3.5.2",
        "@pixiv/three-vrm-materials-mtoon": "^3.5.2",
        "three": "^0.184.0",
        "three-mesh-bvh": "^0.9.14",
      },
    },
  },
  "packages": {
    "@dimforge/rapier3d-compat": ["@dimforge/rapier3d-compat@0.19.3", "", {}, "sha512-mMVdSj1PRTT108s9Swbu2GQOmHbn8kbJANRV5xfczL3s0T4vkgZAuoMRgvBzQcHanpKusbC0ZJj6z3mC3aj3vg=="],

    "@pixiv/three-vrm": ["@pixiv/three-vrm@3.5.2", "", { "dependencies": { "@pixiv/three-vrm-core": "3.5.2", "@pixiv/three-vrm-materials-hdr-emissive-multiplier": "3.5.2", "@pixiv/three-vrm-materials-mtoon": "3.5.2", "@pixiv/three-vrm-materials-v0compat": "3.5.2", "@pixiv/three-vrm-node-constraint": "3.5.2", "@pixiv/three-vrm-springbone": "3.5.2" }, "peerDependencies": { "three": ">=0.137" } }, "sha512-YC3T8WZvb18n1uzYS60I9WCc2kOJxWZ/Q0RfklFAg0nD3Dz/kvvEoCYfZj5idnJqOtbLUXZGXZF1KCXKUB2qHg=="],

    "@pixiv/three-vrm-animation": ["@pixiv/three-vrm-animation@3.5.2", "", { "dependencies": { "@pixiv/three-vrm-core": "3.5.2", "@pixiv/types-vrmc-vrm-1.0": "3.5.2", "@pixiv/types-vrmc-vrm-animation-1.0": "3.5.2" }, "peerDependencies": { "three": ">=0.137" } }, "sha512-40MT8Q6A7LHdFARqHPa7g5+8/kYzsqURLe8OhUHO0Q82CqYfkkRuyqlKzaRROu1c47M73BngDBy0NrSUWn6KHg=="],

    "@pixiv/three-vrm-core": ["@pixiv/three-vrm-core@3.5.2", "", { "dependencies": { "@pixiv/types-vrm-0.0": "3.5.2", "@pixiv/types-vrmc-vrm-1.0": "3.5.2" }, "peerDependencies": { "three": ">=0.137" } }, "sha512-QFpkCvsD5VMApNyIqFEw1lxSKFCM5X8+715FsfsAOx5mLh2LP0E0pDmqpDjfau/kAkDpWquGwzzHmXdAYjc8mQ=="],

    "@pixiv/three-vrm-materials-hdr-emissive-multiplier": ["@pixiv/three-vrm-materials-hdr-emissive-multiplier@3.5.2", "", { "dependencies": { "@pixiv/types-vrmc-materials-hdr-emissive-multiplier-1.0": "3.5.2" }, "peerDependencies": { "three": ">=0.137" } }, "sha512-XJk6l/kexWeYpZmQu0h6VBXPsx4IV2uCN/9EPSJV8usspmP8CcMOsWx/5ESW4DKvGFufbiFZ5J6SGECJOTXTYg=="],

    "@pixiv/three-vrm-materials-mtoon": ["@pixiv/three-vrm-materials-mtoon@3.5.2", "", { "dependencies": { "@pixiv/types-vrm-0.0": "3.5.2", "@pixiv/types-vrmc-materials-mtoon-1.0": "3.5.2" }, "peerDependencies": { "three": ">=0.137" } }, "sha512-P0oobZJ+JrMae7jdGgHqQqcoHpp3WYXq5blyCMybfsgxh9KtDzJ2NpBXf57LQlkN0cD6iT0R299tAqfH/1Uqcg=="],

    "@pixiv/three-vrm-materials-v0compat": ["@pixiv/three-vrm-materials-v0compat@3.5.2", "", { "dependencies": { "@pixiv/types-vrm-0.0": "3.5.2", "@pixiv/types-vrmc-materials-mtoon-1.0": "3.5.2" }, "peerDependencies": { "three": ">=0.137" } }, "sha512-KuAq0ewDGqDKP8lmLAFrhpwRhYnUhnck6HqjO90XJM1b6HgoqyZK2CNOfTsgJQMJgp7sXF6J0EhjCkBiXTNvGA=="],

    "@pixiv/three-vrm-node-constraint": ["@pixiv/three-vrm-node-constraint@3.5.2", "", { "dependencies": { "@pixiv/types-vrmc-node-constraint-1.0": "3.5.2" }, "peerDependencies": { "three": ">=0.137" } }, "sha512-jUBL6XkgTKhf/YgkDILHYAjOlN4n1Oz2dSSSvIfbJ0RVDah9jACm2775ZTult9ADgWmyvBsJQUr5u8JWOMLOKg=="],

    "@pixiv/three-vrm-springbone": ["@pixiv/three-vrm-springbone@3.5.2", "", { "dependencies": { "@pixiv/types-vrm-0.0": "3.5.2", "@pixiv/types-vrmc-springbone-1.0": "3.5.2", "@pixiv/types-vrmc-springbone-extended-collider-1.0": "3.5.2" }, "peerDependencies": { "three": ">=0.137" } }, "sha512-+V3ok2W93f7U4wTcclgZxwz3hKe78DjStl1lCBsORKTo21tLMHyeHoNDQCJ8i1bvjLrr4QLfGYH/oBbVNPxvWQ=="],

    "@pixiv/types-vrm-0.0": ["@pixiv/types-vrm-0.0@3.5.2", "", {}, "sha512-H+aiDQqezc1plVJFyvxK4/gfFtpKlK9WghumHGm+dnsRoROLmUZw6sQoHmpd9UoXI2hu1UHiIyyJLHP/MMaWhQ=="],

    "@pixiv/types-vrmc-materials-hdr-emissive-multiplier-1.0": ["@pixiv/types-vrmc-materials-hdr-emissive-multiplier-1.0@3.5.2", "", {}, "sha512-dv8oJ8uFRsGqLUtV75Dovmg3lbTbu5oi5s+P/5+oPy7LCs/JsJtSDXCycDwQBYtrie797VMHp4b7G8TvGCP+gQ=="],

    "@pixiv/types-vrmc-materials-mtoon-1.0": ["@pixiv/types-vrmc-materials-mtoon-1.0@3.5.2", "", {}, "sha512-dXC9vphdKDKQNpPpj61l+nveQK/soYFpfFqr74hKo/7BaYm5B6nZ6uImQYPCD7U2WICUF91lBoRYKD9ONTPHmQ=="],

    "@pixiv/types-vrmc-node-constraint-1.0": ["@pixiv/types-vrmc-node-constraint-1.0@3.5.2", "", {}, "sha512-4swBTE/FgQlpfOPnnFQFD7GF/XiNB883prIr2KOhAqru0VjOyiYDQPIZTwynKtBFCIjUxp9DW4YQzR6ETqhQmw=="],

    "@pixiv/types-vrmc-springbone-1.0": ["@pixiv/types-vrmc-springbone-1.0@3.5.2", "", {}, "sha512-Au+nszNPbOuaCdaymOQ5jXFknWb5Md7xjCzoP9aPAHeh1uRKHccR1MErtzuRit/9L6mNhW1OneXet9+Ple5GmQ=="],

    "@pixiv/types-vrmc-springbone-extended-collider-1.0": ["@pixiv/types-vrmc-springbone-extended-collider-1.0@3.5.2", "", {}, "sha512-W1CeeAwm6ybiWHrQcqOFOvcO/9LKzLA2fA0wBT30BCwvQFLIwo77mU91N88+TcEeXdH+RxVil/oEdVH7aFZ6nw=="],

    "@pixiv/types-vrmc-vrm-1.0": ["@pixiv/types-vrmc-vrm-1.0@3.5.2", "", {}, "sha512-kgvRCJc9J0ruaVIxC5R9x4ZYNpM1bxs7vSMcl4SYPi2+baolHvXQiH0kFaN61+rFleld+sOOjDHtE98egY2dxQ=="],

    "@pixiv/types-vrmc-vrm-animation-1.0": ["@pixiv/types-vrmc-vrm-animation-1.0@3.5.2", "", { "dependencies": { "@pixiv/types-vrmc-vrm-1.0": "3.5.2" } }, "sha512-p1EEUJ7DX+027ZBL4viJhETUzixaseicwmZMtyqQw7WypKM34l0PcxKLoGv0Dn999kBOgovpnur9YvCkoClXFg=="],

    "three": ["three@0.184.0", "", {}, "sha512-wtTRjG92pM5eUg/KuUnHsqSAlPM296brTOcLgMRqEeylYTh/CdtvKUvCyyCQTzFuStieWxvZb8mVTMvdPyUpxg=="],

    "three-mesh-bvh": ["three-mesh-bvh@0.9.14", "", { "peerDependencies": { "three": ">= 0.159.0" } }, "sha512-xJzfUXnLYjgw5tRKGxjfJW3Pcx0IbwNskvpdwRryhK07SYrKrYB4W8zAaPxu784gK7G4lCBgG+vfG3YeYn95kg=="],
  }
}
